// !$*UTF8*$!
{
	archiveVersion = 1;
	classes = {
	};
	objectVersion = 46;
	objects = {

/* Begin PBXBuildFile section */
		201D7C581D1CBFDF00C62D88 /* AppDelegate.swift in Sources */ = {isa = PBXBuildFile; fileRef = 201D7C571D1CBFDF00C62D88 /* AppDelegate.swift */; };
		201D7C5A1D1CBFDF00C62D88 /* BCViewController.swift in Sources */ = {isa = PBXBuildFile; fileRef = 201D7C591D1CBFDF00C62D88 /* BCViewController.swift */; };
		201D7C5D1D1CBFE000C62D88 /* Main.storyboard in Resources */ = {isa = PBXBuildFile; fileRef = 201D7C5B1D1CBFE000C62D88 /* Main.storyboard */; };
		201D7C5F1D1CBFE000C62D88 /* Assets.xcassets in Resources */ = {isa = PBXBuildFile; fileRef = 201D7C5E1D1CBFE000C62D88 /* Assets.xcassets */; };
		201D7C621D1CBFE000C62D88 /* LaunchScreen.storyboard in Resources */ = {isa = PBXBuildFile; fileRef = 201D7C601D1CBFE000C62D88 /* LaunchScreen.storyboard */; };
		201D7C6D1D1CC77800C62D88 /* BCApi.swift in Sources */ = {isa = PBXBuildFile; fileRef = 201D7C6C1D1CC77800C62D88 /* BCApi.swift */; };
		201D7C6F1D1CDAA100C62D88 /* BCLocation.swift in Sources */ = {isa = PBXBuildFile; fileRef = 201D7C6E1D1CDAA000C62D88 /* BCLocation.swift */; };
		201D7C731D1CDCC300C62D88 /* BCBeverage.swift in Sources */ = {isa = PBXBuildFile; fileRef = 201D7C721D1CDCC300C62D88 /* BCBeverage.swift */; };
		201D7C751D1D68A000C62D88 /* MapKit.framework in Frameworks */ = {isa = PBXBuildFile; fileRef = 201D7C741D1D689F00C62D88 /* MapKit.framework */; };
/* End PBXBuildFile section */

/* Begin PBXFileReference section */
		201D7C541D1CBFDF00C62D88 /* BeerOrCoffeeChallenge.app */ = {isa = PBXFileReference; explicitFileType = wrapper.application; includeInIndex = 0; path = BeerOrCoffeeChallenge.app; sourceTree = BUILT_PRODUCTS_DIR; };
		201D7C571D1CBFDF00C62D88 /* AppDelegate.swift */ = {isa = PBXFileReference; lastKnownFileType = sourcecode.swift; path = AppDelegate.swift; sourceTree = "<group>"; };
		201D7C591D1CBFDF00C62D88 /* BCViewController.swift */ = {isa = PBXFileReference; lastKnownFileType = sourcecode.swift; path = BCViewController.swift; sourceTree = "<group>"; };
		201D7C5C1D1CBFE000C62D88 /* Base */ = {isa = PBXFileReference; lastKnownFileType = file.storyboard; name = Base; path = Base.lproj/Main.storyboard; sourceTree = "<group>"; };
		201D7C5E1D1CBFE000C62D88 /* Assets.xcassets */ = {isa = PBXFileReference; lastKnownFileType = folder.assetcatalog; path = Assets.xcassets; sourceTree = "<group>"; };
		201D7C611D1CBFE000C62D88 /* Base */ = {isa = PBXFileReference; lastKnownFileType = file.storyboard; name = Base; path = Base.lproj/LaunchScreen.storyboard; sourceTree = "<group>"; };
		201D7C631D1CBFE000C62D88 /* Info.plist */ = {isa = PBXFileReference; lastKnownFileType = text.plist.xml; path = Info.plist; sourceTree = "<group>"; };
		201D7C6C1D1CC77800C62D88 /* BCApi.swift */ = {isa = PBXFileReference; fileEncoding = 4; lastKnownFileType = sourcecode.swift; path = BCApi.swift; sourceTree = "<group>"; };
		201D7C6E1D1CDAA000C62D88 /* BCLocation.swift */ = {isa = PBXFileReference; fileEncoding = 4; lastKnownFileType = sourcecode.swift; path = BCLocation.swift; sourceTree = "<group>"; };
		201D7C721D1CDCC300C62D88 /* BCBeverage.swift */ = {isa = PBXFileReference; fileEncoding = 4; lastKnownFileType = sourcecode.swift; path = BCBeverage.swift; sourceTree = "<group>"; };
		201D7C741D1D689F00C62D88 /* MapKit.framework */ = {isa = PBXFileReference; lastKnownFileType = wrapper.framework; name = MapKit.framework; path = System/Library/Frameworks/MapKit.framework; sourceTree = SDKROOT; };
/* End PBXFileReference section */

/* Begin PBXFrameworksBuildPhase section */
		201D7C511D1CBFDE00C62D88 /* Frameworks */ = {
			isa = PBXFrameworksBuildPhase;
			buildActionMask = 2147483647;
			files = (
				201D7C751D1D68A000C62D88 /* MapKit.framework in Frameworks */,
			);
			runOnlyForDeploymentPostprocessing = 0;
		};
/* End PBXFrameworksBuildPhase section */

/* Begin PBXGroup section */
		201D7C4B1D1CBFDE00C62D88 = {
			isa = PBXGroup;
			children = (
				201D7C741D1D689F00C62D88 /* MapKit.framework */,
				201D7C561D1CBFDF00C62D88 /* BeerOrCoffeeChallenge */,
				201D7C551D1CBFDF00C62D88 /* Products */,
			);
			sourceTree = "<group>";
		};
		201D7C551D1CBFDF00C62D88 /* Products */ = {
			isa = PBXGroup;
			children = (
				201D7C541D1CBFDF00C62D88 /* BeerOrCoffeeChallenge.app */,
			);
			name = Products;
			sourceTree = "<group>";
		};
		201D7C561D1CBFDF00C62D88 /* BeerOrCoffeeChallenge */ = {
			isa = PBXGroup;
			children = (
				201D7C691D1CC05F00C62D88 /* model */,
				201D7C6A1D1CC06A00C62D88 /* view */,
				201D7C6B1D1CC07000C62D88 /* controller */,
				201D7C571D1CBFDF00C62D88 /* AppDelegate.swift */,
				201D7C5E1D1CBFE000C62D88 /* Assets.xcassets */,
				201D7C601D1CBFE000C62D88 /* LaunchScreen.storyboard */,
				201D7C631D1CBFE000C62D88 /* Info.plist */,
			);
			path = BeerOrCoffeeChallenge;
			sourceTree = "<group>";
		};
		201D7C691D1CC05F00C62D88 /* model */ = {
			isa = PBXGroup;
			children = (
				201D7C6C1D1CC77800C62D88 /* BCApi.swift */,
				201D7C6E1D1CDAA000C62D88 /* BCLocation.swift */,
				201D7C721D1CDCC300C62D88 /* BCBeverage.swift */,
			);
			name = model;
			sourceTree = "<group>";
		};
		201D7C6A1D1CC06A00C62D88 /* view */ = {
			isa = PBXGroup;
			children = (
				201D7C5B1D1CBFE000C62D88 /* Main.storyboard */,
			);
			name = view;
			sourceTree = "<group>";
		};
		201D7C6B1D1CC07000C62D88 /* controller */ = {
			isa = PBXGroup;
			children = (
				201D7C591D1CBFDF00C62D88 /* BCViewController.swift */,
			);
			name = controller;
			sourceTree = "<group>";
		};
/* End PBXGroup section */

/* Begin PBXNativeTarget section */
		201D7C531D1CBFDE00C62D88 /* BeerOrCoffeeChallenge */ = {
			isa = PBXNativeTarget;
			buildConfigurationList = 201D7C661D1CBFE000C62D88 /* Build configuration list for PBXNativeTarget "BeerOrCoffeeChallenge" */;
			buildPhases = (
				201D7C501D1CBFDE00C62D88 /* Sources */,
				201D7C511D1CBFDE00C62D88 /* Frameworks */,
				201D7C521D1CBFDE00C62D88 /* Resources */,
			);
			buildRules = (
			);
			dependencies = (
			);
			name = BeerOrCoffeeChallenge;
			productName = BeerOrCoffeeChallenge;
			productReference = 201D7C541D1CBFDF00C62D88 /* BeerOrCoffeeChallenge.app */;
			productType = "com.apple.product-type.application";
		};
/* End PBXNativeTarget section */

/* Begin PBXProject section */
		201D7C4C1D1CBFDE00C62D88 /* Project object */ = {
			isa = PBXProject;
			attributes = {
				CLASSPREFIX = BC;
				LastSwiftUpdateCheck = 0730;
				LastUpgradeCheck = 0730;
				ORGANIZATIONNAME = "Roberth Siqueira";
				TargetAttributes = {
					201D7C531D1CBFDE00C62D88 = {
						CreatedOnToolsVersion = 7.3.1;
						DevelopmentTeam = 99R8R7S3RV;
					};
				};
			};
			buildConfigurationList = 201D7C4F1D1CBFDE00C62D88 /* Build configuration list for PBXProject "BeerOrCoffeeChallenge" */;
			compatibilityVersion = "Xcode 3.2";
			developmentRegion = English;
			hasScannedForEncodings = 0;
			knownRegions = (
				en,
				Base,
			);
			mainGroup = 201D7C4B1D1CBFDE00C62D88;
			productRefGroup = 201D7C551D1CBFDF00C62D88 /* Products */;
			projectDirPath = "";
			projectRoot = "";
			targets = (
				201D7C531D1CBFDE00C62D88 /* BeerOrCoffeeChallenge */,
			);
		};
/* End PBXProject section */

/* Begin PBXResourcesBuildPhase section */
		201D7C521D1CBFDE00C62D88 /* Resources */ = {
			isa = PBXResourcesBuildPhase;
			buildActionMask = 2147483647;
			files = (
				201D7C621D1CBFE000C62D88 /* LaunchScreen.storyboard in Resources */,
				201D7C5F1D1CBFE000C62D88 /* Assets.xcassets in Resources */,
				201D7C5D1D1CBFE000C62D88 /* Main.storyboard in Resources */,
			);
			runOnlyForDeploymentPostprocessing = 0;
		};
/* End PBXResourcesBuildPhase section */

/* Begin PBXSourcesBuildPhase section */
		201D7C501D1CBFDE00C62D88 /* Sources */ = {
			isa = PBXSourcesBuildPhase;
			buildActionMask = 2147483647;
			files = (
				201D7C731D1CDCC300C62D88 /* BCBeverage.swift in Sources */,
				201D7C6D1D1CC77800C62D88 /* BCApi.swift in Sources */,
				201D7C6F1D1CDAA100C62D88 /* BCLocation.swift in Sources */,
				201D7C5A1D1CBFDF00C62D88 /* BCViewController.swift in Sources */,
				201D7C581D1CBFDF00C62D88 /* AppDelegate.swift in Sources */,
			);
			runOnlyForDeploymentPostprocessing = 0;
		};
/* End PBXSourcesBuildPhase section */

/* Begin PBXVariantGroup section */
		201D7C5B1D1CBFE000C62D88 /* Main.storyboard */ = {
			isa = PBXVariantGroup;
			children = (
				201D7C5C1D1CBFE000C62D88 /* Base */,
			);
			name = Main.storyboard;
			sourceTree = "<group>";
		};
		201D7C601D1CBFE000C62D88 /* LaunchScreen.storyboard */ = {
			isa = PBXVariantGroup;
			children = (
				201D7C611D1CBFE000C62D88 /* Base */,
			);
			name = LaunchScreen.storyboard;
			sourceTree = "<group>";
		};
/* End PBXVariantGroup section */

/* Begin XCBuildConfiguration section */
		201D7C641D1CBFE000C62D88 /* Debug */ = {
			isa = XCBuildConfiguration;
			buildSettings = {
				ALWAYS_SEARCH_USER_PATHS = NO;
				CLANG_ANALYZER_NONNULL = YES;
				CLANG_CXX_LANGUAGE_STANDARD = "gnu++0x";
				CLANG_CXX_LIBRARY = "libc++";
				CLANG_ENABLE_MODULES = YES;
				CLANG_ENABLE_OBJC_ARC = YES;
				CLANG_WARN_BOOL_CONVERSION = YES;
				CLANG_WARN_CONSTANT_CONVERSION = YES;
				CLANG_WARN_DIRECT_OBJC_ISA_USAGE = YES_ERROR;
				CLANG_WARN_EMPTY_BODY = YES;
				CLANG_WARN_ENUM_CONVERSION = YES;
				CLANG_WARN_INT_CONVERSION = YES;
				CLANG_WARN_OBJC_ROOT_CLASS = YES_ERROR;
				CLANG_WARN_UNREACHABLE_CODE = YES;
				CLANG_WARN__DUPLICATE_METHOD_MATCH = YES;
				"CODE_SIGN_IDENTITY[sdk=iphoneos*]" = "iPhone Developer";
				COPY_PHASE_STRIP = NO;
				DEBUG_INFORMATION_FORMAT = dwarf;
				ENABLE_STRICT_OBJC_MSGSEND = YES;
				ENABLE_TESTABILITY = YES;
				GCC_C_LANGUAGE_STANDARD = gnu99;
				GCC_DYNAMIC_NO_PIC = NO;
				GCC_NO_COMMON_BLOCKS = YES;
				GCC_OPTIMIZATION_LEVEL = 0;
				GCC_PREPROCESSOR_DEFINITIONS = (
					"DEBUG=1",
					"$(inherited)",
				);
				GCC_WARN_64_TO_32_BIT_CONVERSION = YES;
				GCC_WARN_ABOUT_RETURN_TYPE = YES_ERROR;
				GCC_WARN_UNDECLARED_SELECTOR = YES;
				GCC_WARN_UNINITIALIZED_AUTOS = YES_AGGRESSIVE;
				GCC_WARN_UNUSED_FUNCTION = YES;
				GCC_WARN_UNUSED_VARIABLE = YES;
				IPHONEOS_DEPLOYMENT_TARGET = 9.3;
				MTL_ENABLE_DEBUG_INFO = YES;
				ONLY_ACTIVE_ARCH = YES;
				SDKROOT = iphoneos;
				SWIFT_OPTIMIZATION_LEVEL = "-Onone";
			};
			name = Debug;
		};
		201D7C651D1CBFE000C62D88 /* Release */ = {
			isa = XCBuildConfiguration;
			buildSettings = {
				ALWAYS_SEARCH_USER_PATHS = NO;
				CLANG_ANALYZER_NONNULL = YES;
				CLANG_CXX_LANGUAGE_STANDARD = "gnu++0x";
				CLANG_CXX_LIBRARY = "libc++";
				CLANG_ENABLE_MODULES = YES;
				CLANG_ENABLE_OBJC_ARC = YES;
				CLANG_WARN_BOOL_CONVERSION = YES;
				CLANG_WARN_CONSTANT_CONVERSION = YES;
				CLANG_WARN_DIRECT_OBJC_ISA_USAGE = YES_ERROR;
				CLANG_WARN_EMPTY_BODY = YES;
				CLANG_WARN_ENUM_CONVERSION = YES;
				CLANG_WARN_INT_CONVERSION = YES;
				CLANG_WARN_OBJC_ROOT_CLASS = YES_ERROR;
				CLANG_WARN_UNREACHABLE_CODE = YES;
				CLANG_WARN__DUPLICATE_METHOD_MATCH = YES;
				"CODE_SIGN_IDENTITY[sdk=iphoneos*]" = "iPhone Developer";
				COPY_PHASE_STRIP = NO;
				DEBUG_INFORMATION_FORMAT = "dwarf-with-dsym";
				ENABLE_NS_ASSERTIONS = NO;
				ENABLE_STRICT_OBJC_MSGSEND = YES;
				GCC_C_LANGUAGE_STANDARD = gnu99;
				GCC_NO_COMMON_BLOCKS = YES;
				GCC_WARN_64_TO_32_BIT_CONVERSION = YES;
				GCC_WARN_ABOUT_RETURN_TYPE = YES_ERROR;
				GCC_WARN_UNDECLARED_SELECTOR = YES;
				GCC_WARN_UNINITIALIZED_AUTOS = YES_AGGRESSIVE;
				GCC_WARN_UNUSED_FUNCTION = YES;
				GCC_WARN_UNUSED_VARIABLE = YES;
				IPHONEOS_DEPLOYMENT_TARGET = 9.3;
				MTL_ENABLE_DEBUG_INFO = NO;
				SDKROOT = iphoneos;
				VALIDATE_PRODUCT = YES;
			};
			name = Release;
		};
		201D7C671D1CBFE000C62D88 /* Debug */ = {
			isa = XCBuildConfiguration;
			buildSettings = {
				ASSETCATALOG_COMPILER_APPICON_NAME = AppIcon;
				CODE_SIGN_IDENTITY = "iPhone Developer";
				"CODE_SIGN_IDENTITY[sdk=iphoneos*]" = "iPhone Developer";
				INFOPLIST_FILE = BeerOrCoffeeChallenge/Info.plist;
				LD_RUNPATH_SEARCH_PATHS = "$(inherited) @executable_path/Frameworks";
				PRODUCT_BUNDLE_IDENTIFIER = house.BeerOrCoffeeChallenge;
				PRODUCT_NAME = "$(TARGET_NAME)";
				PROVISIONING_PROFILE = "";
			};
			name = Debug;
		};
		201D7C681D1CBFE000C62D88 /* Release */ = {
			isa = XCBuildConfiguration;
			buildSettings = {
				ASSETCATALOG_COMPILER_APPICON_NAME = AppIcon;
				CODE_SIGN_IDENTITY = "iPhone Developer";
				"CODE_SIGN_IDENTITY[sdk=iphoneos*]" = "iPhone Developer";
				INFOPLIST_FILE = BeerOrCoffeeChallenge/Info.plist;
				LD_RUNPATH_SEARCH_PATHS = "$(inherited) @executable_path/Frameworks";
				PRODUCT_BUNDLE_IDENTIFIER = house.BeerOrCoffeeChallenge;
				PRODUCT_NAME = "$(TARGET_NAME)";
				PROVISIONING_PROFILE = "";
			};
			name = Release;
		};
/* End XCBuildConfiguration section */

/* Begin XCConfigurationList section */
		201D7C4F1D1CBFDE00C62D88 /* Build configuration list for PBXProject "BeerOrCoffeeChallenge" */ = {
			isa = XCConfigurationList;
			buildConfigurations = (
				201D7C641D1CBFE000C62D88 /* Debug */,
				201D7C651D1CBFE000C62D88 /* Release */,
			);
			defaultConfigurationIsVisible = 0;
			defaultConfigurationName = Release;
		};
		201D7C661D1CBFE000C62D88 /* Build configuration list for PBXNativeTarget "BeerOrCoffeeChallenge" */ = {
			isa = XCConfigurationList;
			buildConfigurations = (
				201D7C671D1CBFE000C62D88 /* Debug */,
				201D7C681D1CBFE000C62D88 /* Release */,
			);
			defaultConfigurationIsVisible = 0;
			defaultConfigurationName = Release;
		};
/* End XCConfigurationList section */
	};
	rootObject = 201D7C4C1D1CBFDE00C62D88 /* Project object */;
}
